// !$*UTF8*$!
{
	archiveVersion = 1;
	classes = {
	};
	objectVersion = 56;
	objects = {

/* Begin PBXBuildFile section */
		E09454742C13622C00D2E9B3 /* AppDelegate.swift in Sources */ = {isa = PBXBuildFile; fileRef = E09454732C13622C00D2E9B3 /* AppDelegate.swift */; };
		E09454762C13622C00D2E9B3 /* SceneDelegate.swift in Sources */ = {isa = PBXBuildFile; fileRef = E09454752C13622C00D2E9B3 /* SceneDelegate.swift */; };
		E094547D2C13622D00D2E9B3 /* Assets.xcassets in Resources */ = {isa = PBXBuildFile; fileRef = E094547C2C13622D00D2E9B3 /* Assets.xcassets */; };
		E09454802C13622D00D2E9B3 /* Base in Resources */ = {isa = PBXBuildFile; fileRef = E094547F2C13622D00D2E9B3 /* Base */; };
		E09454882C13624300D2E9B3 /* .gitignore in Resources */ = {isa = PBXBuildFile; fileRef = E09454872C13624300D2E9B3 /* .gitignore */; };
		E094548A2C13632E00D2E9B3 /* HomeViewController.swift in Sources */ = {isa = PBXBuildFile; fileRef = E09454892C13632E00D2E9B3 /* HomeViewController.swift */; };
		E094548D2C13639000D2E9B3 /* Tamagotchi.swift in Sources */ = {isa = PBXBuildFile; fileRef = E094548C2C13639000D2E9B3 /* Tamagotchi.swift */; };
		E09454902C13692200D2E9B3 /* SnapKit in Frameworks */ = {isa = PBXBuildFile; productRef = E094548F2C13692200D2E9B3 /* SnapKit */; };
		E09454922C13694000D2E9B3 /* ReusableIdentifier.swift in Sources */ = {isa = PBXBuildFile; fileRef = E09454912C13694000D2E9B3 /* ReusableIdentifier.swift */; };
		E09454942C13698F00D2E9B3 /* setupView.swift in Sources */ = {isa = PBXBuildFile; fileRef = E09454932C13698F00D2E9B3 /* setupView.swift */; };
		E094549B2C13752600D2E9B3 /* UIImageView + Extension.swift in Sources */ = {isa = PBXBuildFile; fileRef = E094549A2C13752600D2E9B3 /* UIImageView + Extension.swift */; };
		E094549D2C13773F00D2E9B3 /* UILabel + Extension.swift in Sources */ = {isa = PBXBuildFile; fileRef = E094549C2C13773F00D2E9B3 /* UILabel + Extension.swift */; };
		E094549F2C13D74000D2E9B3 /* TamagochiCollectionViewCell.swift in Sources */ = {isa = PBXBuildFile; fileRef = E094549E2C13D74000D2E9B3 /* TamagochiCollectionViewCell.swift */; };
		E09454A52C13E75800D2E9B3 /* User.swift in Sources */ = {isa = PBXBuildFile; fileRef = E09454A42C13E75800D2E9B3 /* User.swift */; };
		E09454AE2C13EED400D2E9B3 /* PopupViewController.swift in Sources */ = {isa = PBXBuildFile; fileRef = E09454AD2C13EED400D2E9B3 /* PopupViewController.swift */; };
		E09454B02C14650100D2E9B3 /* UIButton + Extension.swift in Sources */ = {isa = PBXBuildFile; fileRef = E09454AF2C14650100D2E9B3 /* UIButton + Extension.swift */; };
		E09454B22C14678500D2E9B3 /* Message.swift in Sources */ = {isa = PBXBuildFile; fileRef = E09454B12C14678500D2E9B3 /* Message.swift */; };
		E09454B42C14690E00D2E9B3 /* MainViewController.swift in Sources */ = {isa = PBXBuildFile; fileRef = E09454B32C14690E00D2E9B3 /* MainViewController.swift */; };
		E09454B82C146DB100D2E9B3 /* UIViewController + Extension.swift in Sources */ = {isa = PBXBuildFile; fileRef = E09454B72C146DB100D2E9B3 /* UIViewController + Extension.swift */; };
		E09454BB2C1478A500D2E9B3 /* Toast in Frameworks */ = {isa = PBXBuildFile; productRef = E09454BA2C1478A500D2E9B3 /* Toast */; };
		E09454BD2C14991B00D2E9B3 /* UserDefaultsManager.swift in Sources */ = {isa = PBXBuildFile; fileRef = E09454BC2C14991B00D2E9B3 /* UserDefaultsManager.swift */; };
		E09454BF2C155A9800D2E9B3 /* ButtonImageType.swift in Sources */ = {isa = PBXBuildFile; fileRef = E09454BE2C155A9800D2E9B3 /* ButtonImageType.swift */; };
		E09454C22C155E2E00D2E9B3 /* SettingViewController.swift in Sources */ = {isa = PBXBuildFile; fileRef = E09454C12C155E2E00D2E9B3 /* SettingViewController.swift */; };
		E09454C52C1564C900D2E9B3 /* SettingTableViewCell.swift in Sources */ = {isa = PBXBuildFile; fileRef = E09454C42C1564C900D2E9B3 /* SettingTableViewCell.swift */; };
		E09454C72C15667000D2E9B3 /* Setting.swift in Sources */ = {isa = PBXBuildFile; fileRef = E09454C62C15667000D2E9B3 /* Setting.swift */; };
		E09454CD2C156D2A00D2E9B3 /* UIColor + Extension.swift in Sources */ = {isa = PBXBuildFile; fileRef = E09454CC2C156D2A00D2E9B3 /* UIColor + Extension.swift */; };
		E09454D12C15733C00D2E9B3 /* UserNameChangeViewController.swift in Sources */ = {isa = PBXBuildFile; fileRef = E09454D02C15733C00D2E9B3 /* UserNameChangeViewController.swift */; };
/* End PBXBuildFile section */

/* Begin PBXFileReference section */
		E09454702C13622C00D2E9B3 /* Tamagotchi.app */ = {isa = PBXFileReference; explicitFileType = wrapper.application; includeInIndex = 0; path = Tamagotchi.app; sourceTree = BUILT_PRODUCTS_DIR; };
		E09454732C13622C00D2E9B3 /* AppDelegate.swift */ = {isa = PBXFileReference; lastKnownFileType = sourcecode.swift; path = AppDelegate.swift; sourceTree = "<group>"; };
		E09454752C13622C00D2E9B3 /* SceneDelegate.swift */ = {isa = PBXFileReference; lastKnownFileType = sourcecode.swift; path = SceneDelegate.swift; sourceTree = "<group>"; };
		E094547C2C13622D00D2E9B3 /* Assets.xcassets */ = {isa = PBXFileReference; lastKnownFileType = folder.assetcatalog; path = Assets.xcassets; sourceTree = "<group>"; };
		E094547F2C13622D00D2E9B3 /* Base */ = {isa = PBXFileReference; lastKnownFileType = file.storyboard; name = Base; path = Base.lproj/LaunchScreen.storyboard; sourceTree = "<group>"; };
		E09454812C13622D00D2E9B3 /* Info.plist */ = {isa = PBXFileReference; lastKnownFileType = text.plist.xml; path = Info.plist; sourceTree = "<group>"; };
		E09454872C13624300D2E9B3 /* .gitignore */ = {isa = PBXFileReference; lastKnownFileType = text; path = .gitignore; sourceTree = "<group>"; };
		E09454892C13632E00D2E9B3 /* HomeViewController.swift */ = {isa = PBXFileReference; lastKnownFileType = sourcecode.swift; path = HomeViewController.swift; sourceTree = "<group>"; };
		E094548C2C13639000D2E9B3 /* Tamagotchi.swift */ = {isa = PBXFileReference; lastKnownFileType = sourcecode.swift; path = Tamagotchi.swift; sourceTree = "<group>"; };
		E09454912C13694000D2E9B3 /* ReusableIdentifier.swift */ = {isa = PBXFileReference; lastKnownFileType = sourcecode.swift; path = ReusableIdentifier.swift; sourceTree = "<group>"; };
		E09454932C13698F00D2E9B3 /* setupView.swift */ = {isa = PBXFileReference; lastKnownFileType = sourcecode.swift; path = setupView.swift; sourceTree = "<group>"; };
		E094549A2C13752600D2E9B3 /* UIImageView + Extension.swift */ = {isa = PBXFileReference; lastKnownFileType = sourcecode.swift; path = "UIImageView + Extension.swift"; sourceTree = "<group>"; };
		E094549C2C13773F00D2E9B3 /* UILabel + Extension.swift */ = {isa = PBXFileReference; lastKnownFileType = sourcecode.swift; path = "UILabel + Extension.swift"; sourceTree = "<group>"; };
		E094549E2C13D74000D2E9B3 /* TamagochiCollectionViewCell.swift */ = {isa = PBXFileReference; lastKnownFileType = sourcecode.swift; path = TamagochiCollectionViewCell.swift; sourceTree = "<group>"; };
		E09454A42C13E75800D2E9B3 /* User.swift */ = {isa = PBXFileReference; lastKnownFileType = sourcecode.swift; path = User.swift; sourceTree = "<group>"; };
		E09454AD2C13EED400D2E9B3 /* PopupViewController.swift */ = {isa = PBXFileReference; lastKnownFileType = sourcecode.swift; path = PopupViewController.swift; sourceTree = "<group>"; };
		E09454AF2C14650100D2E9B3 /* UIButton + Extension.swift */ = {isa = PBXFileReference; lastKnownFileType = sourcecode.swift; path = "UIButton + Extension.swift"; sourceTree = "<group>"; };
		E09454B12C14678500D2E9B3 /* Message.swift */ = {isa = PBXFileReference; lastKnownFileType = sourcecode.swift; path = Message.swift; sourceTree = "<group>"; };
		E09454B32C14690E00D2E9B3 /* MainViewController.swift */ = {isa = PBXFileReference; lastKnownFileType = sourcecode.swift; path = MainViewController.swift; sourceTree = "<group>"; };
		E09454B72C146DB100D2E9B3 /* UIViewController + Extension.swift */ = {isa = PBXFileReference; lastKnownFileType = sourcecode.swift; path = "UIViewController + Extension.swift"; sourceTree = "<group>"; };
		E09454BC2C14991B00D2E9B3 /* UserDefaultsManager.swift */ = {isa = PBXFileReference; lastKnownFileType = sourcecode.swift; path = UserDefaultsManager.swift; sourceTree = "<group>"; };
		E09454BE2C155A9800D2E9B3 /* ButtonImageType.swift */ = {isa = PBXFileReference; lastKnownFileType = sourcecode.swift; path = ButtonImageType.swift; sourceTree = "<group>"; };
		E09454C12C155E2E00D2E9B3 /* SettingViewController.swift */ = {isa = PBXFileReference; lastKnownFileType = sourcecode.swift; path = SettingViewController.swift; sourceTree = "<group>"; };
		E09454C42C1564C900D2E9B3 /* SettingTableViewCell.swift */ = {isa = PBXFileReference; lastKnownFileType = sourcecode.swift; path = SettingTableViewCell.swift; sourceTree = "<group>"; };
		E09454C62C15667000D2E9B3 /* Setting.swift */ = {isa = PBXFileReference; lastKnownFileType = sourcecode.swift; path = Setting.swift; sourceTree = "<group>"; };
		E09454CC2C156D2A00D2E9B3 /* UIColor + Extension.swift */ = {isa = PBXFileReference; lastKnownFileType = sourcecode.swift; path = "UIColor + Extension.swift"; sourceTree = "<group>"; };
		E09454D02C15733C00D2E9B3 /* UserNameChangeViewController.swift */ = {isa = PBXFileReference; lastKnownFileType = sourcecode.swift; path = UserNameChangeViewController.swift; sourceTree = "<group>"; };
/* End PBXFileReference section */

/* Begin PBXFrameworksBuildPhase section */
		E094546D2C13622C00D2E9B3 /* Frameworks */ = {
			isa = PBXFrameworksBuildPhase;
			buildActionMask = 2147483647;
			files = (
				E09454BB2C1478A500D2E9B3 /* Toast in Frameworks */,
				E09454902C13692200D2E9B3 /* SnapKit in Frameworks */,
			);
			runOnlyForDeploymentPostprocessing = 0;
		};
/* End PBXFrameworksBuildPhase section */

/* Begin PBXGroup section */
		E09454672C13622C00D2E9B3 = {
			isa = PBXGroup;
			children = (
				E09454872C13624300D2E9B3 /* .gitignore */,
				E09454722C13622C00D2E9B3 /* Tamagotchi */,
				E09454712C13622C00D2E9B3 /* Products */,
			);
			sourceTree = "<group>";
		};
		E09454712C13622C00D2E9B3 /* Products */ = {
			isa = PBXGroup;
			children = (
				E09454702C13622C00D2E9B3 /* Tamagotchi.app */,
			);
			name = Products;
			sourceTree = "<group>";
		};
		E09454722C13622C00D2E9B3 /* Tamagotchi */ = {
			isa = PBXGroup;
			children = (
				E09454952C1369ED00D2E9B3 /* Protocol */,
				E09454A62C13E9E400D2E9B3 /* Extension */,
				E094548B2C13633000D2E9B3 /* Model */,
				E09454962C136DB200D2E9B3 /* Home */,
				E09454B62C14692100D2E9B3 /* Popup */,
				E09454B52C14691200D2E9B3 /* Main */,
				E09454C02C155E2200D2E9B3 /* Setting */,
				E09454732C13622C00D2E9B3 /* AppDelegate.swift */,
				E09454752C13622C00D2E9B3 /* SceneDelegate.swift */,
				E094547C2C13622D00D2E9B3 /* Assets.xcassets */,
				E094547E2C13622D00D2E9B3 /* LaunchScreen.storyboard */,
				E09454812C13622D00D2E9B3 /* Info.plist */,
			);
			path = Tamagotchi;
			sourceTree = "<group>";
		};
		E094548B2C13633000D2E9B3 /* Model */ = {
			isa = PBXGroup;
			children = (
				E094548C2C13639000D2E9B3 /* Tamagotchi.swift */,
				E09454A42C13E75800D2E9B3 /* User.swift */,
				E09454B12C14678500D2E9B3 /* Message.swift */,
				E09454C62C15667000D2E9B3 /* Setting.swift */,
			);
			path = Model;
			sourceTree = "<group>";
		};
		E09454952C1369ED00D2E9B3 /* Protocol */ = {
			isa = PBXGroup;
			children = (
				E09454932C13698F00D2E9B3 /* setupView.swift */,
				E09454912C13694000D2E9B3 /* ReusableIdentifier.swift */,
				E09454BC2C14991B00D2E9B3 /* UserDefaultsManager.swift */,
			);
			path = Protocol;
			sourceTree = "<group>";
		};
		E09454962C136DB200D2E9B3 /* Home */ = {
			isa = PBXGroup;
			children = (
				E09454972C136DB800D2E9B3 /* Cell */,
				E09454892C13632E00D2E9B3 /* HomeViewController.swift */,
			);
			path = Home;
			sourceTree = "<group>";
		};
		E09454972C136DB800D2E9B3 /* Cell */ = {
			isa = PBXGroup;
			children = (
				E094549E2C13D74000D2E9B3 /* TamagochiCollectionViewCell.swift */,
			);
			path = Cell;
			sourceTree = "<group>";
		};
		E09454A62C13E9E400D2E9B3 /* Extension */ = {
			isa = PBXGroup;
			children = (
				E094549A2C13752600D2E9B3 /* UIImageView + Extension.swift */,
				E094549C2C13773F00D2E9B3 /* UILabel + Extension.swift */,
				E09454AF2C14650100D2E9B3 /* UIButton + Extension.swift */,
				E09454B72C146DB100D2E9B3 /* UIViewController + Extension.swift */,
				E09454CC2C156D2A00D2E9B3 /* UIColor + Extension.swift */,
			);
			path = Extension;
			sourceTree = "<group>";
		};
		E09454B52C14691200D2E9B3 /* Main */ = {
			isa = PBXGroup;
			children = (
				E09454B32C14690E00D2E9B3 /* MainViewController.swift */,
				E09454BE2C155A9800D2E9B3 /* ButtonImageType.swift */,
			);
			path = Main;
			sourceTree = "<group>";
		};
		E09454B62C14692100D2E9B3 /* Popup */ = {
			isa = PBXGroup;
			children = (
				E09454AD2C13EED400D2E9B3 /* PopupViewController.swift */,
			);
			path = Popup;
			sourceTree = "<group>";
		};
		E09454C02C155E2200D2E9B3 /* Setting */ = {
			isa = PBXGroup;
			children = (
				E09454C32C1564BF00D2E9B3 /* Cell */,
				E09454C12C155E2E00D2E9B3 /* SettingViewController.swift */,
				E09454D02C15733C00D2E9B3 /* UserNameChangeViewController.swift */,
			);
			path = Setting;
			sourceTree = "<group>";
		};
		E09454C32C1564BF00D2E9B3 /* Cell */ = {
			isa = PBXGroup;
			children = (
				E09454C42C1564C900D2E9B3 /* SettingTableViewCell.swift */,
			);
			path = Cell;
			sourceTree = "<group>";
		};
/* End PBXGroup section */

/* Begin PBXNativeTarget section */
		E094546F2C13622C00D2E9B3 /* Tamagotchi */ = {
			isa = PBXNativeTarget;
			buildConfigurationList = E09454842C13622D00D2E9B3 /* Build configuration list for PBXNativeTarget "Tamagotchi" */;
			buildPhases = (
				E094546C2C13622C00D2E9B3 /* Sources */,
				E094546D2C13622C00D2E9B3 /* Frameworks */,
				E094546E2C13622C00D2E9B3 /* Resources */,
			);
			buildRules = (
			);
			dependencies = (
			);
			name = Tamagotchi;
			packageProductDependencies = (
				E094548F2C13692200D2E9B3 /* SnapKit */,
				E09454BA2C1478A500D2E9B3 /* Toast */,
			);
			productName = Tamagotchi;
			productReference = E09454702C13622C00D2E9B3 /* Tamagotchi.app */;
			productType = "com.apple.product-type.application";
		};
/* End PBXNativeTarget section */

/* Begin PBXProject section */
		E09454682C13622C00D2E9B3 /* Project object */ = {
			isa = PBXProject;
			attributes = {
				BuildIndependentTargetsInParallel = 1;
				LastSwiftUpdateCheck = 1530;
				LastUpgradeCheck = 1530;
				TargetAttributes = {
					E094546F2C13622C00D2E9B3 = {
						CreatedOnToolsVersion = 15.3;
					};
				};
			};
			buildConfigurationList = E094546B2C13622C00D2E9B3 /* Build configuration list for PBXProject "Tamagotchi" */;
			compatibilityVersion = "Xcode 14.0";
			developmentRegion = en;
			hasScannedForEncodings = 0;
			knownRegions = (
				en,
				Base,
			);
			mainGroup = E09454672C13622C00D2E9B3;
			packageReferences = (
				E094548E2C13692200D2E9B3 /* XCRemoteSwiftPackageReference "SnapKit" */,
				E09454B92C1478A500D2E9B3 /* XCRemoteSwiftPackageReference "Toast-Swift" */,
			);
			productRefGroup = E09454712C13622C00D2E9B3 /* Products */;
			projectDirPath = "";
			projectRoot = "";
			targets = (
				E094546F2C13622C00D2E9B3 /* Tamagotchi */,
			);
		};
/* End PBXProject section */

/* Begin PBXResourcesBuildPhase section */
		E094546E2C13622C00D2E9B3 /* Resources */ = {
			isa = PBXResourcesBuildPhase;
			buildActionMask = 2147483647;
			files = (
				E09454882C13624300D2E9B3 /* .gitignore in Resources */,
				E094547D2C13622D00D2E9B3 /* Assets.xcassets in Resources */,
				E09454802C13622D00D2E9B3 /* Base in Resources */,
			);
			runOnlyForDeploymentPostprocessing = 0;
		};
/* End PBXResourcesBuildPhase section */

/* Begin PBXSourcesBuildPhase section */
		E094546C2C13622C00D2E9B3 /* Sources */ = {
			isa = PBXSourcesBuildPhase;
			buildActionMask = 2147483647;
			files = (
				E094549F2C13D74000D2E9B3 /* TamagochiCollectionViewCell.swift in Sources */,
				E09454B02C14650100D2E9B3 /* UIButton + Extension.swift in Sources */,
				E09454D12C15733C00D2E9B3 /* UserNameChangeViewController.swift in Sources */,
				E09454BD2C14991B00D2E9B3 /* UserDefaultsManager.swift in Sources */,
				E09454BF2C155A9800D2E9B3 /* ButtonImageType.swift in Sources */,
				E09454742C13622C00D2E9B3 /* AppDelegate.swift in Sources */,
				E09454762C13622C00D2E9B3 /* SceneDelegate.swift in Sources */,
				E09454C52C1564C900D2E9B3 /* SettingTableViewCell.swift in Sources */,
				E094548A2C13632E00D2E9B3 /* HomeViewController.swift in Sources */,
				E094548D2C13639000D2E9B3 /* Tamagotchi.swift in Sources */,
				E094549B2C13752600D2E9B3 /* UIImageView + Extension.swift in Sources */,
				E09454942C13698F00D2E9B3 /* setupView.swift in Sources */,
				E09454C72C15667000D2E9B3 /* Setting.swift in Sources */,
				E09454B42C14690E00D2E9B3 /* MainViewController.swift in Sources */,
				E09454B82C146DB100D2E9B3 /* UIViewController + Extension.swift in Sources */,
				E09454CD2C156D2A00D2E9B3 /* UIColor + Extension.swift in Sources */,
				E094549D2C13773F00D2E9B3 /* UILabel + Extension.swift in Sources */,
				E09454A52C13E75800D2E9B3 /* User.swift in Sources */,
				E09454922C13694000D2E9B3 /* ReusableIdentifier.swift in Sources */,
				E09454C22C155E2E00D2E9B3 /* SettingViewController.swift in Sources */,
				E09454AE2C13EED400D2E9B3 /* PopupViewController.swift in Sources */,
				E09454B22C14678500D2E9B3 /* Message.swift in Sources */,
			);
			runOnlyForDeploymentPostprocessing = 0;
		};
/* End PBXSourcesBuildPhase section */

/* Begin PBXVariantGroup section */
		E094547E2C13622D00D2E9B3 /* LaunchScreen.storyboard */ = {
			isa = PBXVariantGroup;
			children = (
				E094547F2C13622D00D2E9B3 /* Base */,
			);
			name = LaunchScreen.storyboard;
			sourceTree = "<group>";
		};
/* End PBXVariantGroup section */

/* Begin XCBuildConfiguration section */
		E09454822C13622D00D2E9B3 /* Debug */ = {
			isa = XCBuildConfiguration;
			buildSettings = {
				ALWAYS_SEARCH_USER_PATHS = NO;
				ASSETCATALOG_COMPILER_GENERATE_SWIFT_ASSET_SYMBOL_EXTENSIONS = YES;
				CLANG_ANALYZER_NONNULL = YES;
				CLANG_ANALYZER_NUMBER_OBJECT_CONVERSION = YES_AGGRESSIVE;
				CLANG_CXX_LANGUAGE_STANDARD = "gnu++20";
				CLANG_ENABLE_MODULES = YES;
				CLANG_ENABLE_OBJC_ARC = YES;
				CLANG_ENABLE_OBJC_WEAK = YES;
				CLANG_WARN_BLOCK_CAPTURE_AUTORELEASING = YES;
				CLANG_WARN_BOOL_CONVERSION = YES;
				CLANG_WARN_COMMA = YES;
				CLANG_WARN_CONSTANT_CONVERSION = YES;
				CLANG_WARN_DEPRECATED_OBJC_IMPLEMENTATIONS = YES;
				CLANG_WARN_DIRECT_OBJC_ISA_USAGE = YES_ERROR;
				CLANG_WARN_DOCUMENTATION_COMMENTS = YES;
				CLANG_WARN_EMPTY_BODY = YES;
				CLANG_WARN_ENUM_CONVERSION = YES;
				CLANG_WARN_INFINITE_RECURSION = YES;
				CLANG_WARN_INT_CONVERSION = YES;
				CLANG_WARN_NON_LITERAL_NULL_CONVERSION = YES;
				CLANG_WARN_OBJC_IMPLICIT_RETAIN_SELF = YES;
				CLANG_WARN_OBJC_LITERAL_CONVERSION = YES;
				CLANG_WARN_OBJC_ROOT_CLASS = YES_ERROR;
				CLANG_WARN_QUOTED_INCLUDE_IN_FRAMEWORK_HEADER = YES;
				CLANG_WARN_RANGE_LOOP_ANALYSIS = YES;
				CLANG_WARN_STRICT_PROTOTYPES = YES;
				CLANG_WARN_SUSPICIOUS_MOVE = YES;
				CLANG_WARN_UNGUARDED_AVAILABILITY = YES_AGGRESSIVE;
				CLANG_WARN_UNREACHABLE_CODE = YES;
				CLANG_WARN__DUPLICATE_METHOD_MATCH = YES;
				COPY_PHASE_STRIP = NO;
				DEBUG_INFORMATION_FORMAT = dwarf;
				ENABLE_STRICT_OBJC_MSGSEND = YES;
				ENABLE_TESTABILITY = YES;
				ENABLE_USER_SCRIPT_SANDBOXING = YES;
				GCC_C_LANGUAGE_STANDARD = gnu17;
				GCC_DYNAMIC_NO_PIC = NO;
				GCC_NO_COMMON_BLOCKS = YES;
				GCC_OPTIMIZATION_LEVEL = 0;
				GCC_PREPROCESSOR_DEFINITIONS = (
					"DEBUG=1",
					"$(inherited)",
				);
				GCC_WARN_64_TO_32_BIT_CONVERSION = YES;
				GCC_WARN_ABOUT_RETURN_TYPE = YES_ERROR;
				GCC_WARN_UNDECLARED_SELECTOR = YES;
				GCC_WARN_UNINITIALIZED_AUTOS = YES_AGGRESSIVE;
				GCC_WARN_UNUSED_FUNCTION = YES;
				GCC_WARN_UNUSED_VARIABLE = YES;
				IPHONEOS_DEPLOYMENT_TARGET = 15.0;
				LOCALIZATION_PREFERS_STRING_CATALOGS = YES;
				MTL_ENABLE_DEBUG_INFO = INCLUDE_SOURCE;
				MTL_FAST_MATH = YES;
				ONLY_ACTIVE_ARCH = YES;
				SDKROOT = iphoneos;
				SWIFT_ACTIVE_COMPILATION_CONDITIONS = "DEBUG $(inherited)";
				SWIFT_OPTIMIZATION_LEVEL = "-Onone";
			};
			name = Debug;
		};
		E09454832C13622D00D2E9B3 /* Release */ = {
			isa = XCBuildConfiguration;
			buildSettings = {
				ALWAYS_SEARCH_USER_PATHS = NO;
				ASSETCATALOG_COMPILER_GENERATE_SWIFT_ASSET_SYMBOL_EXTENSIONS = YES;
				CLANG_ANALYZER_NONNULL = YES;
				CLANG_ANALYZER_NUMBER_OBJECT_CONVERSION = YES_AGGRESSIVE;
				CLANG_CXX_LANGUAGE_STANDARD = "gnu++20";
				CLANG_ENABLE_MODULES = YES;
				CLANG_ENABLE_OBJC_ARC = YES;
				CLANG_ENABLE_OBJC_WEAK = YES;
				CLANG_WARN_BLOCK_CAPTURE_AUTORELEASING = YES;
				CLANG_WARN_BOOL_CONVERSION = YES;
				CLANG_WARN_COMMA = YES;
				CLANG_WARN_CONSTANT_CONVERSION = YES;
				CLANG_WARN_DEPRECATED_OBJC_IMPLEMENTATIONS = YES;
				CLANG_WARN_DIRECT_OBJC_ISA_USAGE = YES_ERROR;
				CLANG_WARN_DOCUMENTATION_COMMENTS = YES;
				CLANG_WARN_EMPTY_BODY = YES;
				CLANG_WARN_ENUM_CONVERSION = YES;
				CLANG_WARN_INFINITE_RECURSION = YES;
				CLANG_WARN_INT_CONVERSION = YES;
				CLANG_WARN_NON_LITERAL_NULL_CONVERSION = YES;
				CLANG_WARN_OBJC_IMPLICIT_RETAIN_SELF = YES;
				CLANG_WARN_OBJC_LITERAL_CONVERSION = YES;
				CLANG_WARN_OBJC_ROOT_CLASS = YES_ERROR;
				CLANG_WARN_QUOTED_INCLUDE_IN_FRAMEWORK_HEADER = YES;
				CLANG_WARN_RANGE_LOOP_ANALYSIS = YES;
				CLANG_WARN_STRICT_PROTOTYPES = YES;
				CLANG_WARN_SUSPICIOUS_MOVE = YES;
				CLANG_WARN_UNGUARDED_AVAILABILITY = YES_AGGRESSIVE;
				CLANG_WARN_UNREACHABLE_CODE = YES;
				CLANG_WARN__DUPLICATE_METHOD_MATCH = YES;
				COPY_PHASE_STRIP = NO;
				DEBUG_INFORMATION_FORMAT = "dwarf-with-dsym";
				ENABLE_NS_ASSERTIONS = NO;
				ENABLE_STRICT_OBJC_MSGSEND = YES;
				ENABLE_USER_SCRIPT_SANDBOXING = YES;
				GCC_C_LANGUAGE_STANDARD = gnu17;
				GCC_NO_COMMON_BLOCKS = YES;
				GCC_WARN_64_TO_32_BIT_CONVERSION = YES;
				GCC_WARN_ABOUT_RETURN_TYPE = YES_ERROR;
				GCC_WARN_UNDECLARED_SELECTOR = YES;
				GCC_WARN_UNINITIALIZED_AUTOS = YES_AGGRESSIVE;
				GCC_WARN_UNUSED_FUNCTION = YES;
				GCC_WARN_UNUSED_VARIABLE = YES;
				IPHONEOS_DEPLOYMENT_TARGET = 15.0;
				LOCALIZATION_PREFERS_STRING_CATALOGS = YES;
				MTL_ENABLE_DEBUG_INFO = NO;
				MTL_FAST_MATH = YES;
				SDKROOT = iphoneos;
				SWIFT_COMPILATION_MODE = wholemodule;
				VALIDATE_PRODUCT = YES;
			};
			name = Release;
		};
		E09454852C13622D00D2E9B3 /* Debug */ = {
			isa = XCBuildConfiguration;
			buildSettings = {
				ASSETCATALOG_COMPILER_APPICON_NAME = AppIcon;
				ASSETCATALOG_COMPILER_GLOBAL_ACCENT_COLOR_NAME = AccentColor;
				CODE_SIGN_STYLE = Automatic;
				CURRENT_PROJECT_VERSION = 1;
				DEVELOPMENT_TEAM = L348QC8MG7;
				GENERATE_INFOPLIST_FILE = YES;
				INFOPLIST_FILE = Tamagotchi/Info.plist;
				INFOPLIST_KEY_UIApplicationSupportsIndirectInputEvents = YES;
				INFOPLIST_KEY_UILaunchStoryboardName = LaunchScreen;
				INFOPLIST_KEY_UISupportedInterfaceOrientations = UIInterfaceOrientationPortrait;
				INFOPLIST_KEY_UISupportedInterfaceOrientations_iPad = UIInterfaceOrientationPortrait;
				IPHONEOS_DEPLOYMENT_TARGET = 15.0;
				LD_RUNPATH_SEARCH_PATHS = (
					"$(inherited)",
					"@executable_path/Frameworks",
				);
				MARKETING_VERSION = 1.0;
				PRODUCT_BUNDLE_IDENTIFIER = jeongyun.Tamagotchi;
				PRODUCT_NAME = "$(TARGET_NAME)";
				SUPPORTED_PLATFORMS = "iphoneos iphonesimulator";
				SUPPORTS_MACCATALYST = NO;
				SUPPORTS_MAC_DESIGNED_FOR_IPHONE_IPAD = NO;
				SUPPORTS_XR_DESIGNED_FOR_IPHONE_IPAD = NO;
				SWIFT_EMIT_LOC_STRINGS = YES;
				SWIFT_VERSION = 5.0;
				TARGETED_DEVICE_FAMILY = 1;
			};
			name = Debug;
		};
		E09454862C13622D00D2E9B3 /* Release */ = {
			isa = XCBuildConfiguration;
			buildSettings = {
				ASSETCATALOG_COMPILER_APPICON_NAME = AppIcon;
				ASSETCATALOG_COMPILER_GLOBAL_ACCENT_COLOR_NAME = AccentColor;
				CODE_SIGN_STYLE = Automatic;
				CURRENT_PROJECT_VERSION = 1;
				DEVELOPMENT_TEAM = L348QC8MG7;
				GENERATE_INFOPLIST_FILE = YES;
				INFOPLIST_FILE = Tamagotchi/Info.plist;
				INFOPLIST_KEY_UIApplicationSupportsIndirectInputEvents = YES;
				INFOPLIST_KEY_UILaunchStoryboardName = LaunchScreen;
				INFOPLIST_KEY_UISupportedInterfaceOrientations = UIInterfaceOrientationPortrait;
				INFOPLIST_KEY_UISupportedInterfaceOrientations_iPad = UIInterfaceOrientationPortrait;
				IPHONEOS_DEPLOYMENT_TARGET = 15.0;
				LD_RUNPATH_SEARCH_PATHS = (
					"$(inherited)",
					"@executable_path/Frameworks",
				);
				MARKETING_VERSION = 1.0;
				PRODUCT_BUNDLE_IDENTIFIER = jeongyun.Tamagotchi;
				PRODUCT_NAME = "$(TARGET_NAME)";
				SUPPORTED_PLATFORMS = "iphoneos iphonesimulator";
				SUPPORTS_MACCATALYST = NO;
				SUPPORTS_MAC_DESIGNED_FOR_IPHONE_IPAD = NO;
				SUPPORTS_XR_DESIGNED_FOR_IPHONE_IPAD = NO;
				SWIFT_EMIT_LOC_STRINGS = YES;
				SWIFT_VERSION = 5.0;
				TARGETED_DEVICE_FAMILY = 1;
			};
			name = Release;
		};
/* End XCBuildConfiguration section */

/* Begin XCConfigurationList section */
		E094546B2C13622C00D2E9B3 /* Build configuration list for PBXProject "Tamagotchi" */ = {
			isa = XCConfigurationList;
			buildConfigurations = (
				E09454822C13622D00D2E9B3 /* Debug */,
				E09454832C13622D00D2E9B3 /* Release */,
			);
			defaultConfigurationIsVisible = 0;
			defaultConfigurationName = Release;
		};
		E09454842C13622D00D2E9B3 /* Build configuration list for PBXNativeTarget "Tamagotchi" */ = {
			isa = XCConfigurationList;
			buildConfigurations = (
				E09454852C13622D00D2E9B3 /* Debug */,
				E09454862C13622D00D2E9B3 /* Release */,
			);
			defaultConfigurationIsVisible = 0;
			defaultConfigurationName = Release;
		};
/* End XCConfigurationList section */

/* Begin XCRemoteSwiftPackageReference section */
		E094548E2C13692200D2E9B3 /* XCRemoteSwiftPackageReference "SnapKit" */ = {
			isa = XCRemoteSwiftPackageReference;
			repositoryURL = "https://github.com/SnapKit/SnapKit";
			requirement = {
				kind = upToNextMajorVersion;
				minimumVersion = 5.7.1;
			};
		};
		E09454B92C1478A500D2E9B3 /* XCRemoteSwiftPackageReference "Toast-Swift" */ = {
			isa = XCRemoteSwiftPackageReference;
			repositoryURL = "https://github.com/scalessec/Toast-Swift";
			requirement = {
				kind = upToNextMajorVersion;
				minimumVersion = 5.1.1;
			};
		};
/* End XCRemoteSwiftPackageReference section */

/* Begin XCSwiftPackageProductDependency section */
		E094548F2C13692200D2E9B3 /* SnapKit */ = {
			isa = XCSwiftPackageProductDependency;
			package = E094548E2C13692200D2E9B3 /* XCRemoteSwiftPackageReference "SnapKit" */;
			productName = SnapKit;
		};
		E09454BA2C1478A500D2E9B3 /* Toast */ = {
			isa = XCSwiftPackageProductDependency;
			package = E09454B92C1478A500D2E9B3 /* XCRemoteSwiftPackageReference "Toast-Swift" */;
			productName = Toast;
		};
/* End XCSwiftPackageProductDependency section */
	};
	rootObject = E09454682C13622C00D2E9B3 /* Project object */;
}
